
Microsoft Visual Studio Solution File, Format Version 12.00
# Visual Studio 15
VisualStudioVersion = 15.0.28307.572
MinimumVisualStudioVersion = 10.0.40219.1
Project("{FAE04EC0-301F-11D3-BF4B-00C04F79EFBC}") = "Cas28", "Cas28\Cas28.csproj", "{13728BDF-9407-4EE9-A57C-26F9F33BD705}"
EndProject
Global
	GlobalSection(SolutionConfigurationPlatforms) = preSolution
		Debug|Any CPU = Debug|Any CPU
		Release|Any CPU = Release|Any CPU
	EndGlobalSection
	GlobalSection(ProjectConfigurationPlatforms) = postSolution
		{13728BDF-9407-4EE9-A57C-26F9F33BD705}.Debug|Any CPU.ActiveCfg = Debug|Any CPU
		{13728BDF-9407-4EE9-A57C-26F9F33BD705}.Debug|Any CPU.Build.0 = Debug|Any CPU
		{13728BDF-9407-4EE9-A57C-26F9F33BD705}.Release|Any CPU.ActiveCfg = Release|Any CPU
		{13728BDF-9407-4EE9-A57C-26F9F33BD705}.Release|Any CPU.Build.0 = Release|Any CPU
	EndGlobalSection
	GlobalSection(SolutionProperties) = preSolution
		HideSolutionNode = FALSE
	EndGlobalSection
	GlobalSection(ExtensibilityGlobals) = postSolution
		SolutionGuid = {B2D77912-7D3D-4B42-BF19-5CC2A4DAAEB7}
	EndGlobalSection
EndGlobal
